// !$*UTF8*$!
{
	archiveVersion = 1;
	classes = {
	};
	objectVersion = 46;
	objects = {

/* Begin PBXBuildFile section */
		C6E3D15919D0C35200370BA2 /* AppDelegate.swift in Sources */ = {isa = PBXBuildFile; fileRef = C6E3D15819D0C35200370BA2 /* AppDelegate.swift */; };
		C6E3D15B19D0C35200370BA2 /* ViewController.swift in Sources */ = {isa = PBXBuildFile; fileRef = C6E3D15A19D0C35200370BA2 /* ViewController.swift */; };
		C6E3D15E19D0C35200370BA2 /* Main.storyboard in Resources */ = {isa = PBXBuildFile; fileRef = C6E3D15C19D0C35200370BA2 /* Main.storyboard */; };
		C6E3D16019D0C35200370BA2 /* Images.xcassets in Resources */ = {isa = PBXBuildFile; fileRef = C6E3D15F19D0C35200370BA2 /* Images.xcassets */; };
		C6E3D16C19D0C35200370BA2 /* PostcardTests.swift in Sources */ = {isa = PBXBuildFile; fileRef = C6E3D16B19D0C35200370BA2 /* PostcardTests.swift */; };
		C6E3D17619D0C3C200370BA2 /* 2014-09-15 12.57.41.jpg in Resources */ = {isa = PBXBuildFile; fileRef = C6E3D17519D0C3C200370BA2 /* 2014-09-15 12.57.41.jpg */; };
		C6E3D17819D0C4B500370BA2 /* Foto profilo_coffice.jpg in Resources */ = {isa = PBXBuildFile; fileRef = C6E3D17719D0C4B500370BA2 /* Foto profilo_coffice.jpg */; };
/* End PBXBuildFile section */

/* Begin PBXContainerItemProxy section */
		C6E3D16619D0C35200370BA2 /* PBXContainerItemProxy */ = {
			isa = PBXContainerItemProxy;
			containerPortal = C6E3D14B19D0C35200370BA2 /* Project object */;
			proxyType = 1;
			remoteGlobalIDString = C6E3D15219D0C35200370BA2;
			remoteInfo = Postcard;
		};
/* End PBXContainerItemProxy section */

/* Begin PBXFileReference section */
		C6E3D15319D0C35200370BA2 /* Postcard.app */ = {isa = PBXFileReference; explicitFileType = wrapper.application; includeInIndex = 0; path = Postcard.app; sourceTree = BUILT_PRODUCTS_DIR; };
		C6E3D15719D0C35200370BA2 /* Info.plist */ = {isa = PBXFileReference; lastKnownFileType = text.plist.xml; path = Info.plist; sourceTree = "<group>"; };
		C6E3D15819D0C35200370BA2 /* AppDelegate.swift */ = {isa = PBXFileReference; lastKnownFileType = sourcecode.swift; path = AppDelegate.swift; sourceTree = "<group>"; };
		C6E3D15A19D0C35200370BA2 /* ViewController.swift */ = {isa = PBXFileReference; lastKnownFileType = sourcecode.swift; path = ViewController.swift; sourceTree = "<group>"; };
		C6E3D15D19D0C35200370BA2 /* Base */ = {isa = PBXFileReference; lastKnownFileType = file.storyboard; name = Base; path = Base.lproj/Main.storyboard; sourceTree = "<group>"; };
		C6E3D15F19D0C35200370BA2 /* Images.xcassets */ = {isa = PBXFileReference; lastKnownFileType = folder.assetcatalog; path = Images.xcassets; sourceTree = "<group>"; };
		C6E3D16519D0C35200370BA2 /* PostcardTests.xctest */ = {isa = PBXFileReference; explicitFileType = wrapper.cfbundle; includeInIndex = 0; path = PostcardTests.xctest; sourceTree = BUILT_PRODUCTS_DIR; };
		C6E3D16A19D0C35200370BA2 /* Info.plist */ = {isa = PBXFileReference; lastKnownFileType = text.plist.xml; path = Info.plist; sourceTree = "<group>"; };
		C6E3D16B19D0C35200370BA2 /* PostcardTests.swift */ = {isa = PBXFileReference; lastKnownFileType = sourcecode.swift; path = PostcardTests.swift; sourceTree = "<group>"; };
		C6E3D17519D0C3C200370BA2 /* 2014-09-15 12.57.41.jpg */ = {isa = PBXFileReference; lastKnownFileType = image.jpeg; path = "2014-09-15 12.57.41.jpg"; sourceTree = "<group>"; };
		C6E3D17719D0C4B500370BA2 /* Foto profilo_coffice.jpg */ = {isa = PBXFileReference; lastKnownFileType = image.jpeg; path = "Foto profilo_coffice.jpg"; sourceTree = "<group>"; };
/* End PBXFileReference section */

/* Begin PBXFrameworksBuildPhase section */
		C6E3D15019D0C35200370BA2 /* Frameworks */ = {
			isa = PBXFrameworksBuildPhase;
			buildActionMask = 2147483647;
			files = (
			);
			runOnlyForDeploymentPostprocessing = 0;
		};
		C6E3D16219D0C35200370BA2 /* Frameworks */ = {
			isa = PBXFrameworksBuildPhase;
			buildActionMask = 2147483647;
			files = (
			);
			runOnlyForDeploymentPostprocessing = 0;
		};
/* End PBXFrameworksBuildPhase section */

/* Begin PBXGroup section */
		C6E3D14A19D0C35200370BA2 = {
			isa = PBXGroup;
			children = (
				C6E3D15519D0C35200370BA2 /* Postcard */,
				C6E3D16819D0C35200370BA2 /* PostcardTests */,
				C6E3D15419D0C35200370BA2 /* Products */,
			);
			sourceTree = "<group>";
		};
		C6E3D15419D0C35200370BA2 /* Products */ = {
			isa = PBXGroup;
			children = (
				C6E3D15319D0C35200370BA2 /* Postcard.app */,
				C6E3D16519D0C35200370BA2 /* PostcardTests.xctest */,
			);
			name = Products;
			sourceTree = "<group>";
		};
		C6E3D15519D0C35200370BA2 /* Postcard */ = {
			isa = PBXGroup;
			children = (
				C6E3D15819D0C35200370BA2 /* AppDelegate.swift */,
				C6E3D15A19D0C35200370BA2 /* ViewController.swift */,
				C6E3D15C19D0C35200370BA2 /* Main.storyboard */,
				C6E3D15F19D0C35200370BA2 /* Images.xcassets */,
				C6E3D15619D0C35200370BA2 /* Supporting Files */,
			);
			path = Postcard;
			sourceTree = "<group>";
		};
		C6E3D15619D0C35200370BA2 /* Supporting Files */ = {
			isa = PBXGroup;
			children = (
				C6E3D17719D0C4B500370BA2 /* Foto profilo_coffice.jpg */,
				C6E3D17519D0C3C200370BA2 /* 2014-09-15 12.57.41.jpg */,
				C6E3D15719D0C35200370BA2 /* Info.plist */,
			);
			name = "Supporting Files";
			sourceTree = "<group>";
		};
		C6E3D16819D0C35200370BA2 /* PostcardTests */ = {
			isa = PBXGroup;
			children = (
				C6E3D16B19D0C35200370BA2 /* PostcardTests.swift */,
				C6E3D16919D0C35200370BA2 /* Supporting Files */,
			);
			path = PostcardTests;
			sourceTree = "<group>";
		};
		C6E3D16919D0C35200370BA2 /* Supporting Files */ = {
			isa = PBXGroup;
			children = (
				C6E3D16A19D0C35200370BA2 /* Info.plist */,
			);
			name = "Supporting Files";
			sourceTree = "<group>";
		};
/* End PBXGroup section */

/* Begin PBXNativeTarget section */
		C6E3D15219D0C35200370BA2 /* Postcard */ = {
			isa = PBXNativeTarget;
			buildConfigurationList = C6E3D16F19D0C35200370BA2 /* Build configuration list for PBXNativeTarget "Postcard" */;
			buildPhases = (
				C6E3D14F19D0C35200370BA2 /* Sources */,
				C6E3D15019D0C35200370BA2 /* Frameworks */,
				C6E3D15119D0C35200370BA2 /* Resources */,
			);
			buildRules = (
			);
			dependencies = (
			);
			name = Postcard;
			productName = Postcard;
			productReference = C6E3D15319D0C35200370BA2 /* Postcard.app */;
			productType = "com.apple.product-type.application";
		};
		C6E3D16419D0C35200370BA2 /* PostcardTests */ = {
			isa = PBXNativeTarget;
			buildConfigurationList = C6E3D17219D0C35200370BA2 /* Build configuration list for PBXNativeTarget "PostcardTests" */;
			buildPhases = (
				C6E3D16119D0C35200370BA2 /* Sources */,
				C6E3D16219D0C35200370BA2 /* Frameworks */,
				C6E3D16319D0C35200370BA2 /* Resources */,
			);
			buildRules = (
			);
			dependencies = (
				C6E3D16719D0C35200370BA2 /* PBXTargetDependency */,
			);
			name = PostcardTests;
			productName = PostcardTests;
			productReference = C6E3D16519D0C35200370BA2 /* PostcardTests.xctest */;
			productType = "com.apple.product-type.bundle.unit-test";
		};
/* End PBXNativeTarget section */

/* Begin PBXProject section */
		C6E3D14B19D0C35200370BA2 /* Project object */ = {
			isa = PBXProject;
			attributes = {
				LastUpgradeCheck = 0600;
				ORGANIZATIONNAME = "Salvatore La Fiura";
				TargetAttributes = {
					C6E3D15219D0C35200370BA2 = {
						CreatedOnToolsVersion = 6.0;
					};
					C6E3D16419D0C35200370BA2 = {
						CreatedOnToolsVersion = 6.0;
						TestTargetID = C6E3D15219D0C35200370BA2;
					};
				};
			};
			buildConfigurationList = C6E3D14E19D0C35200370BA2 /* Build configuration list for PBXProject "Postcard" */;
			compatibilityVersion = "Xcode 3.2";
			developmentRegion = English;
			hasScannedForEncodings = 0;
			knownRegions = (
				en,
				Base,
			);
			mainGroup = C6E3D14A19D0C35200370BA2;
			productRefGroup = C6E3D15419D0C35200370BA2 /* Products */;
			projectDirPath = "";
			projectRoot = "";
			targets = (
				C6E3D15219D0C35200370BA2 /* Postcard */,
				C6E3D16419D0C35200370BA2 /* PostcardTests */,
			);
		};
/* End PBXProject section */

/* Begin PBXResourcesBuildPhase section */
		C6E3D15119D0C35200370BA2 /* Resources */ = {
			isa = PBXResourcesBuildPhase;
			buildActionMask = 2147483647;
			files = (
				C6E3D17819D0C4B500370BA2 /* Foto profilo_coffice.jpg in Resources */,
				C6E3D17619D0C3C200370BA2 /* 2014-09-15 12.57.41.jpg in Resources */,
				C6E3D15E19D0C35200370BA2 /* Main.storyboard in Resources */,
				C6E3D16019D0C35200370BA2 /* Images.xcassets in Resources */,
			);
			runOnlyForDeploymentPostprocessing = 0;
		};
		C6E3D16319D0C35200370BA2 /* Resources */ = {
			isa = PBXResourcesBuildPhase;
			buildActionMask = 2147483647;
			files = (
			);
			runOnlyForDeploymentPostprocessing = 0;
		};
/* End PBXResourcesBuildPhase section */

/* Begin PBXSourcesBuildPhase section */
		C6E3D14F19D0C35200370BA2 /* Sources */ = {
			isa = PBXSourcesBuildPhase;
			buildActionMask = 2147483647;
			files = (
				C6E3D15B19D0C35200370BA2 /* ViewController.swift in Sources */,
				C6E3D15919D0C35200370BA2 /* AppDelegate.swift in Sources */,
			);
			runOnlyForDeploymentPostprocessing = 0;
		};
		C6E3D16119D0C35200370BA2 /* Sources */ = {
			isa = PBXSourcesBuildPhase;
			buildActionMask = 2147483647;
			files = (
				C6E3D16C19D0C35200370BA2 /* PostcardTests.swift in Sources */,
			);
			runOnlyForDeploymentPostprocessing = 0;
		};
/* End PBXSourcesBuildPhase section */

/* Begin PBXTargetDependency section */
		C6E3D16719D0C35200370BA2 /* PBXTargetDependency */ = {
			isa = PBXTargetDependency;
			target = C6E3D15219D0C35200370BA2 /* Postcard */;
			targetProxy = C6E3D16619D0C35200370BA2 /* PBXContainerItemProxy */;
		};
/* End PBXTargetDependency section */

/* Begin PBXVariantGroup section */
		C6E3D15C19D0C35200370BA2 /* Main.storyboard */ = {
			isa = PBXVariantGroup;
			children = (
				C6E3D15D19D0C35200370BA2 /* Base */,
			);
			name = Main.storyboard;
			sourceTree = "<group>";
		};
/* End PBXVariantGroup section */

/* Begin XCBuildConfiguration section */
		C6E3D16D19D0C35200370BA2 /* Debug */ = {
			isa = XCBuildConfiguration;
			buildSettings = {
				ALWAYS_SEARCH_USER_PATHS = NO;
				CLANG_CXX_LANGUAGE_STANDARD = "gnu++0x";
				CLANG_CXX_LIBRARY = "libc++";
				CLANG_ENABLE_MODULES = YES;
				CLANG_ENABLE_OBJC_ARC = YES;
				CLANG_WARN_BOOL_CONVERSION = YES;
				CLANG_WARN_CONSTANT_CONVERSION = YES;
				CLANG_WARN_DIRECT_OBJC_ISA_USAGE = YES_ERROR;
				CLANG_WARN_EMPTY_BODY = YES;
				CLANG_WARN_ENUM_CONVERSION = YES;
				CLANG_WARN_INT_CONVERSION = YES;
				CLANG_WARN_OBJC_ROOT_CLASS = YES_ERROR;
				CLANG_WARN_UNREACHABLE_CODE = YES;
				CLANG_WARN__DUPLICATE_METHOD_MATCH = YES;
				"CODE_SIGN_IDENTITY[sdk=iphoneos*]" = "iPhone Developer";
				COPY_PHASE_STRIP = NO;
				ENABLE_STRICT_OBJC_MSGSEND = YES;
				GCC_C_LANGUAGE_STANDARD = gnu99;
				GCC_DYNAMIC_NO_PIC = NO;
				GCC_OPTIMIZATION_LEVEL = 0;
				GCC_PREPROCESSOR_DEFINITIONS = (
					"DEBUG=1",
					"$(inherited)",
				);
				GCC_SYMBOLS_PRIVATE_EXTERN = NO;
				GCC_WARN_64_TO_32_BIT_CONVERSION = YES;
				GCC_WARN_ABOUT_RETURN_TYPE = YES_ERROR;
				GCC_WARN_UNDECLARED_SELECTOR = YES;
				GCC_WARN_UNINITIALIZED_AUTOS = YES_AGGRESSIVE;
				GCC_WARN_UNUSED_FUNCTION = YES;
				GCC_WARN_UNUSED_VARIABLE = YES;
				IPHONEOS_DEPLOYMENT_TARGET = 8.0;
				MTL_ENABLE_DEBUG_INFO = YES;
				ONLY_ACTIVE_ARCH = YES;
				SDKROOT = iphoneos;
				SWIFT_OPTIMIZATION_LEVEL = "-Onone";
			};
			name = Debug;
		};
		C6E3D16E19D0C35200370BA2 /* Release */ = {
			isa = XCBuildConfiguration;
			buildSettings = {
				ALWAYS_SEARCH_USER_PATHS = NO;
				CLANG_CXX_LANGUAGE_STANDARD = "gnu++0x";
				CLANG_CXX_LIBRARY = "libc++";
				CLANG_ENABLE_MODULES = YES;
				CLANG_ENABLE_OBJC_ARC = YES;
				CLANG_WARN_BOOL_CONVERSION = YES;
				CLANG_WARN_CONSTANT_CONVERSION = YES;
				CLANG_WARN_DIRECT_OBJC_ISA_USAGE = YES_ERROR;
				CLANG_WARN_EMPTY_BODY = YES;
				CLANG_WARN_ENUM_CONVERSION = YES;
				CLANG_WARN_INT_CONVERSION = YES;
				CLANG_WARN_OBJC_ROOT_CLASS = YES_ERROR;
				CLANG_WARN_UNREACHABLE_CODE = YES;
				CLANG_WARN__DUPLICATE_METHOD_MATCH = YES;
				"CODE_SIGN_IDENTITY[sdk=iphoneos*]" = "iPhone Developer";
				COPY_PHASE_STRIP = YES;
				ENABLE_NS_ASSERTIONS = NO;
				ENABLE_STRICT_OBJC_MSGSEND = YES;
				GCC_C_LANGUAGE_STANDARD = gnu99;
				GCC_WARN_64_TO_32_BIT_CONVERSION = YES;
				GCC_WARN_ABOUT_RETURN_TYPE = YES_ERROR;
				GCC_WARN_UNDECLARED_SELECTOR = YES;
				GCC_WARN_UNINITIALIZED_AUTOS = YES_AGGRESSIVE;
				GCC_WARN_UNUSED_FUNCTION = YES;
				GCC_WARN_UNUSED_VARIABLE = YES;
				IPHONEOS_DEPLOYMENT_TARGET = 8.0;
				MTL_ENABLE_DEBUG_INFO = NO;
				SDKROOT = iphoneos;
				VALIDATE_PRODUCT = YES;
			};
			name = Release;
		};
		C6E3D17019D0C35200370BA2 /* Debug */ = {
			isa = XCBuildConfiguration;
			buildSettings = {
				ASSETCATALOG_COMPILER_APPICON_NAME = AppIcon;
				ASSETCATALOG_COMPILER_LAUNCHIMAGE_NAME = LaunchImage;
				INFOPLIST_FILE = Postcard/Info.plist;
				LD_RUNPATH_SEARCH_PATHS = "$(inherited) @executable_path/Frameworks";
				PRODUCT_NAME = "$(TARGET_NAME)";
			};
			name = Debug;
		};
		C6E3D17119D0C35200370BA2 /* Release */ = {
			isa = XCBuildConfiguration;
			buildSettings = {
				ASSETCATALOG_COMPILER_APPICON_NAME = AppIcon;
				ASSETCATALOG_COMPILER_LAUNCHIMAGE_NAME = LaunchImage;
				INFOPLIST_FILE = Postcard/Info.plist;
				LD_RUNPATH_SEARCH_PATHS = "$(inherited) @executable_path/Frameworks";
				PRODUCT_NAME = "$(TARGET_NAME)";
			};
			name = Release;
		};
		C6E3D17319D0C35200370BA2 /* Debug */ = {
			isa = XCBuildConfiguration;
			buildSettings = {
				BUNDLE_LOADER = "$(BUILT_PRODUCTS_DIR)/Postcard.app/Postcard";
				FRAMEWORK_SEARCH_PATHS = (
					"$(SDKROOT)/Developer/Library/Frameworks",
					"$(inherited)",
				);
				GCC_PREPROCESSOR_DEFINITIONS = (
					"DEBUG=1",
					"$(inherited)",
				);
				INFOPLIST_FILE = PostcardTests/Info.plist;
				LD_RUNPATH_SEARCH_PATHS = "$(inherited) @executable_path/Frameworks @loader_path/Frameworks";
				PRODUCT_NAME = "$(TARGET_NAME)";
				TEST_HOST = "$(BUNDLE_LOADER)";
			};
			name = Debug;
		};
		C6E3D17419D0C35200370BA2 /* Release */ = {
			isa = XCBuildConfiguration;
			buildSettings = {
				BUNDLE_LOADER = "$(BUILT_PRODUCTS_DIR)/Postcard.app/Postcard";
				FRAMEWORK_SEARCH_PATHS = (
					"$(SDKROOT)/Developer/Library/Frameworks",
					"$(inherited)",
				);
				INFOPLIST_FILE = PostcardTests/Info.plist;
				LD_RUNPATH_SEARCH_PATHS = "$(inherited) @executable_path/Frameworks @loader_path/Frameworks";
				PRODUCT_NAME = "$(TARGET_NAME)";
				TEST_HOST = "$(BUNDLE_LOADER)";
			};
			name = Release;
		};
/* End XCBuildConfiguration section */

/* Begin XCConfigurationList section */
		C6E3D14E19D0C35200370BA2 /* Build configuration list for PBXProject "Postcard" */ = {
			isa = XCConfigurationList;
			buildConfigurations = (
				C6E3D16D19D0C35200370BA2 /* Debug */,
				C6E3D16E19D0C35200370BA2 /* Release */,
			);
			defaultConfigurationIsVisible = 0;
			defaultConfigurationName = Release;
		};
		C6E3D16F19D0C35200370BA2 /* Build configuration list for PBXNativeTarget "Postcard" */ = {
			isa = XCConfigurationList;
			buildConfigurations = (
				C6E3D17019D0C35200370BA2 /* Debug */,
				C6E3D17119D0C35200370BA2 /* Release */,
			);
			defaultConfigurationIsVisible = 0;
		};
		C6E3D17219D0C35200370BA2 /* Build configuration list for PBXNativeTarget "PostcardTests" */ = {
			isa = XCConfigurationList;
			buildConfigurations = (
				C6E3D17319D0C35200370BA2 /* Debug */,
				C6E3D17419D0C35200370BA2 /* Release */,
			);
			defaultConfigurationIsVisible = 0;
		};
/* End XCConfigurationList section */
	};
	rootObject = C6E3D14B19D0C35200370BA2 /* Project object */;
}
